
Microsoft Visual Studio Solution File, Format Version 12.00
# Visual Studio 15
VisualStudioVersion = 15.0.26124.0
MinimumVisualStudioVersion = 15.0.26124.0
Project("{FAE04EC0-301F-11D3-BF4B-00C04F79EFBC}") = "API", "API\API.csproj", "{9F27B4E5-D90F-4376-B77C-CD510FB6C796}"
EndProject
Project("{FAE04EC0-301F-11D3-BF4B-00C04F79EFBC}") = "Core", "Core\Core.csproj", "{7C480E0A-2077-45AB-84F5-F49DD2E58027}"
EndProject
Project("{FAE04EC0-301F-11D3-BF4B-00C04F79EFBC}") = "Infrastructe", "Infrastructe\Infrastructe.csproj", "{960851C4-C6B4-4817-BA5A-272934B258EF}"
EndProject
Global
	GlobalSection(SolutionConfigurationPlatforms) = preSolution
		Debug|Any CPU = Debug|Any CPU
		Debug|x64 = Debug|x64
		Debug|x86 = Debug|x86
		Release|Any CPU = Release|Any CPU
		Release|x64 = Release|x64
		Release|x86 = Release|x86
	EndGlobalSection
	GlobalSection(SolutionProperties) = preSolution
		HideSolutionNode = FALSE
	EndGlobalSection
	GlobalSection(ProjectConfigurationPlatforms) = postSolution
		{9F27B4E5-D90F-4376-B77C-CD510FB6C796}.Debug|Any CPU.ActiveCfg = Debug|Any CPU
		{9F27B4E5-D90F-4376-B77C-CD510FB6C796}.Debug|Any CPU.Build.0 = Debug|Any CPU
		{9F27B4E5-D90F-4376-B77C-CD510FB6C796}.Debug|x64.ActiveCfg = Debug|Any CPU
		{9F27B4E5-D90F-4376-B77C-CD510FB6C796}.Debug|x64.Build.0 = Debug|Any CPU
		{9F27B4E5-D90F-4376-B77C-CD510FB6C796}.Debug|x86.ActiveCfg = Debug|Any CPU
		{9F27B4E5-D90F-4376-B77C-CD510FB6C796}.Debug|x86.Build.0 = Debug|Any CPU
		{9F27B4E5-D90F-4376-B77C-CD510FB6C796}.Release|Any CPU.ActiveCfg = Release|Any CPU
		{9F27B4E5-D90F-4376-B77C-CD510FB6C796}.Release|Any CPU.Build.0 = Release|Any CPU
		{9F27B4E5-D90F-4376-B77C-CD510FB6C796}.Release|x64.ActiveCfg = Release|Any CPU
		{9F27B4E5-D90F-4376-B77C-CD510FB6C796}.Release|x64.Build.0 = Release|Any CPU
		{9F27B4E5-D90F-4376-B77C-CD510FB6C796}.Release|x86.ActiveCfg = Release|Any CPU
		{9F27B4E5-D90F-4376-B77C-CD510FB6C796}.Release|x86.Build.0 = Release|Any CPU
		{7C480E0A-2077-45AB-84F5-F49DD2E58027}.Debug|Any CPU.ActiveCfg = Debug|Any CPU
		{7C480E0A-2077-45AB-84F5-F49DD2E58027}.Debug|Any CPU.Build.0 = Debug|Any CPU
		{7C480E0A-2077-45AB-84F5-F49DD2E58027}.Debug|x64.ActiveCfg = Debug|Any CPU
		{7C480E0A-2077-45AB-84F5-F49DD2E58027}.Debug|x64.Build.0 = Debug|Any CPU
		{7C480E0A-2077-45AB-84F5-F49DD2E58027}.Debug|x86.ActiveCfg = Debug|Any CPU
		{7C480E0A-2077-45AB-84F5-F49DD2E58027}.Debug|x86.Build.0 = Debug|Any CPU
		{7C480E0A-2077-45AB-84F5-F49DD2E58027}.Release|Any CPU.ActiveCfg = Release|Any CPU
		{7C480E0A-2077-45AB-84F5-F49DD2E58027}.Release|Any CPU.Build.0 = Release|Any CPU
		{7C480E0A-2077-45AB-84F5-F49DD2E58027}.Release|x64.ActiveCfg = Release|Any CPU
		{7C480E0A-2077-45AB-84F5-F49DD2E58027}.Release|x64.Build.0 = Release|Any CPU
		{7C480E0A-2077-45AB-84F5-F49DD2E58027}.Release|x86.ActiveCfg = Release|Any CPU
		{7C480E0A-2077-45AB-84F5-F49DD2E58027}.Release|x86.Build.0 = Release|Any CPU
		{960851C4-C6B4-4817-BA5A-272934B258EF}.Debug|Any CPU.ActiveCfg = Debug|Any CPU
		{960851C4-C6B4-4817-BA5A-272934B258EF}.Debug|Any CPU.Build.0 = Debug|Any CPU
		{960851C4-C6B4-4817-BA5A-272934B258EF}.Debug|x64.ActiveCfg = Debug|Any CPU
		{960851C4-C6B4-4817-BA5A-272934B258EF}.Debug|x64.Build.0 = Debug|Any CPU
		{960851C4-C6B4-4817-BA5A-272934B258EF}.Debug|x86.ActiveCfg = Debug|Any CPU
		{960851C4-C6B4-4817-BA5A-272934B258EF}.Debug|x86.Build.0 = Debug|Any CPU
		{960851C4-C6B4-4817-BA5A-272934B258EF}.Release|Any CPU.ActiveCfg = Release|Any CPU
		{960851C4-C6B4-4817-BA5A-272934B258EF}.Release|Any CPU.Build.0 = Release|Any CPU
		{960851C4-C6B4-4817-BA5A-272934B258EF}.Release|x64.ActiveCfg = Release|Any CPU
		{960851C4-C6B4-4817-BA5A-272934B258EF}.Release|x64.Build.0 = Release|Any CPU
		{960851C4-C6B4-4817-BA5A-272934B258EF}.Release|x86.ActiveCfg = Release|Any CPU
		{960851C4-C6B4-4817-BA5A-272934B258EF}.Release|x86.Build.0 = Release|Any CPU
	EndGlobalSection
EndGlobal
